
Microsoft Visual Studio Solution File, Format Version 12.00
# Visual Studio Version 17
VisualStudioVersion = 17.7.34018.315
MinimumVisualStudioVersion = 10.0.40219.1
Project("{FAE04EC0-301F-11D3-BF4B-00C04F79EFBC}") = "Exercicio_05", "Exercicio_05.csproj", "{CCDFD0A0-8CDA-4E0E-96AC-01D347BAA07C}"
EndProject
Global
	GlobalSection(SolutionConfigurationPlatforms) = preSolution
		Debug|Any CPU = Debug|Any CPU
		Release|Any CPU = Release|Any CPU
	EndGlobalSection
	GlobalSection(ProjectConfigurationPlatforms) = postSolution
		{CCDFD0A0-8CDA-4E0E-96AC-01D347BAA07C}.Debug|Any CPU.ActiveCfg = Debug|Any CPU
		{CCDFD0A0-8CDA-4E0E-96AC-01D347BAA07C}.Debug|Any CPU.Build.0 = Debug|Any CPU
		{CCDFD0A0-8CDA-4E0E-96AC-01D347BAA07C}.Release|Any CPU.ActiveCfg = Release|Any CPU
		{CCDFD0A0-8CDA-4E0E-96AC-01D347BAA07C}.Release|Any CPU.Build.0 = Release|Any CPU
	EndGlobalSection
	GlobalSection(SolutionProperties) = preSolution
		HideSolutionNode = FALSE
	EndGlobalSection
	GlobalSection(ExtensibilityGlobals) = postSolution
		SolutionGuid = {A6C94CE4-3218-4C4A-A872-C0A0AA350574}
	EndGlobalSection
EndGlobal
