
Microsoft Visual Studio Solution File, Format Version 12.00
# Visual Studio Version 17
VisualStudioVersion = 17.6.33723.286
MinimumVisualStudioVersion = 10.0.40219.1
Project("{FAE04EC0-301F-11D3-BF4B-00C04F79EFBC}") = "HelloWord", "HelloWord.csproj", "{78FC9D7F-8DC7-4BF7-B7D5-4F3D3669A4D7}"
EndProject
Global
	GlobalSection(SolutionConfigurationPlatforms) = preSolution
		Debug|Any CPU = Debug|Any CPU
		Release|Any CPU = Release|Any CPU
	EndGlobalSection
	GlobalSection(ProjectConfigurationPlatforms) = postSolution
		{78FC9D7F-8DC7-4BF7-B7D5-4F3D3669A4D7}.Debug|Any CPU.ActiveCfg = Debug|Any CPU
		{78FC9D7F-8DC7-4BF7-B7D5-4F3D3669A4D7}.Debug|Any CPU.Build.0 = Debug|Any CPU
		{78FC9D7F-8DC7-4BF7-B7D5-4F3D3669A4D7}.Release|Any CPU.ActiveCfg = Release|Any CPU
		{78FC9D7F-8DC7-4BF7-B7D5-4F3D3669A4D7}.Release|Any CPU.Build.0 = Release|Any CPU
	EndGlobalSection
	GlobalSection(SolutionProperties) = preSolution
		HideSolutionNode = FALSE
	EndGlobalSection
	GlobalSection(ExtensibilityGlobals) = postSolution
		SolutionGuid = {8696C27E-D46D-443E-B6D6-3335364E1532}
	EndGlobalSection
EndGlobal
